
Microsoft Visual Studio Solution File, Format Version 12.00
# Visual Studio Version 17
VisualStudioVersion = 17.4.33205.214
MinimumVisualStudioVersion = 10.0.40219.1
Project("{9A19103F-16F7-4668-BE54-9A1E7A4F7556}") = "PatiencePercent", "PatiencePercent.csproj", "{7495C556-CD38-487A-A7FB-563D5B5C2CB0}"
EndProject
Global
	GlobalSection(SolutionConfigurationPlatforms) = preSolution
		Debug|Any CPU = Debug|Any CPU
		Release|Any CPU = Release|Any CPU
	EndGlobalSection
	GlobalSection(ProjectConfigurationPlatforms) = postSolution
		{7495C556-CD38-487A-A7FB-563D5B5C2CB0}.Debug|Any CPU.ActiveCfg = Debug|Any CPU
		{7495C556-CD38-487A-A7FB-563D5B5C2CB0}.Debug|Any CPU.Build.0 = Debug|Any CPU
		{7495C556-CD38-487A-A7FB-563D5B5C2CB0}.Release|Any CPU.ActiveCfg = Release|Any CPU
		{7495C556-CD38-487A-A7FB-563D5B5C2CB0}.Release|Any CPU.Build.0 = Release|Any CPU
	EndGlobalSection
	GlobalSection(SolutionProperties) = preSolution
		HideSolutionNode = FALSE
	EndGlobalSection
	GlobalSection(ExtensibilityGlobals) = postSolution
		SolutionGuid = {A49E2C34-A088-4A93-AEF2-65B6BDE09CB4}
	EndGlobalSection
EndGlobal
